// !$*UTF8*$!
{
	archiveVersion = 1;
	classes = {
	};
	objectVersion = 56;
	objects = {

/* Begin PBXBuildFile section */
		DC2B06582940CB5200AA45AD /* MatchesView.swift in Sources */ = {isa = PBXBuildFile; fileRef = DC2B06572940CB5200AA45AD /* MatchesView.swift */; };
		DC2B065B2940CF4700AA45AD /* MatchesViewController.swift in Sources */ = {isa = PBXBuildFile; fileRef = DC2B065A2940CF4700AA45AD /* MatchesViewController.swift */; };
		DC2B065E2940D6CA00AA45AD /* Profile.swift in Sources */ = {isa = PBXBuildFile; fileRef = DC2B065D2940D6CA00AA45AD /* Profile.swift */; };
		DC2B06602940FAA900AA45AD /* ProfileInfoViewController.swift in Sources */ = {isa = PBXBuildFile; fileRef = DC2B065F2940FAA900AA45AD /* ProfileInfoViewController.swift */; };
		DCA9B454291BC1DA00083DCA /* AppDelegate.swift in Sources */ = {isa = PBXBuildFile; fileRef = DCA9B453291BC1DA00083DCA /* AppDelegate.swift */; };
		DCA9B456291BC1DA00083DCA /* SceneDelegate.swift in Sources */ = {isa = PBXBuildFile; fileRef = DCA9B455291BC1DA00083DCA /* SceneDelegate.swift */; };
		DCA9B45B291BC1DA00083DCA /* Main.storyboard in Resources */ = {isa = PBXBuildFile; fileRef = DCA9B459291BC1DA00083DCA /* Main.storyboard */; };
		DCA9B45D291BC1DB00083DCA /* Assets.xcassets in Resources */ = {isa = PBXBuildFile; fileRef = DCA9B45C291BC1DB00083DCA /* Assets.xcassets */; };
		DCA9B460291BC1DB00083DCA /* LaunchScreen.storyboard in Resources */ = {isa = PBXBuildFile; fileRef = DCA9B45E291BC1DB00083DCA /* LaunchScreen.storyboard */; };
		DCA9B469291C06F400083DCA /* FeedViewController.swift in Sources */ = {isa = PBXBuildFile; fileRef = DCA9B468291C06F400083DCA /* FeedViewController.swift */; };
		DCE4A5B2296591F200223D3C /* MatchesGridCollectionViewCell.swift in Sources */ = {isa = PBXBuildFile; fileRef = DCE4A5B1296591F200223D3C /* MatchesGridCollectionViewCell.swift */; };
/* End PBXBuildFile section */

/* Begin PBXFileReference section */
		DC2B06572940CB5200AA45AD /* MatchesView.swift */ = {isa = PBXFileReference; lastKnownFileType = sourcecode.swift; path = MatchesView.swift; sourceTree = "<group>"; };
		DC2B065A2940CF4700AA45AD /* MatchesViewController.swift */ = {isa = PBXFileReference; lastKnownFileType = sourcecode.swift; path = MatchesViewController.swift; sourceTree = "<group>"; };
		DC2B065D2940D6CA00AA45AD /* Profile.swift */ = {isa = PBXFileReference; lastKnownFileType = sourcecode.swift; path = Profile.swift; sourceTree = "<group>"; };
		DC2B065F2940FAA900AA45AD /* ProfileInfoViewController.swift */ = {isa = PBXFileReference; lastKnownFileType = sourcecode.swift; path = ProfileInfoViewController.swift; sourceTree = "<group>"; };
		DCA9B450291BC1DA00083DCA /* MatchLab.app */ = {isa = PBXFileReference; explicitFileType = wrapper.application; includeInIndex = 0; path = MatchLab.app; sourceTree = BUILT_PRODUCTS_DIR; };
		DCA9B453291BC1DA00083DCA /* AppDelegate.swift */ = {isa = PBXFileReference; lastKnownFileType = sourcecode.swift; path = AppDelegate.swift; sourceTree = "<group>"; };
		DCA9B455291BC1DA00083DCA /* SceneDelegate.swift */ = {isa = PBXFileReference; lastKnownFileType = sourcecode.swift; path = SceneDelegate.swift; sourceTree = "<group>"; };
		DCA9B45A291BC1DA00083DCA /* Base */ = {isa = PBXFileReference; lastKnownFileType = file.storyboard; name = Base; path = Base.lproj/Main.storyboard; sourceTree = "<group>"; };
		DCA9B45C291BC1DB00083DCA /* Assets.xcassets */ = {isa = PBXFileReference; lastKnownFileType = folder.assetcatalog; path = Assets.xcassets; sourceTree = "<group>"; };
		DCA9B45F291BC1DB00083DCA /* Base */ = {isa = PBXFileReference; lastKnownFileType = file.storyboard; name = Base; path = Base.lproj/LaunchScreen.storyboard; sourceTree = "<group>"; };
		DCA9B461291BC1DB00083DCA /* Info.plist */ = {isa = PBXFileReference; lastKnownFileType = text.plist.xml; path = Info.plist; sourceTree = "<group>"; };
		DCA9B468291C06F400083DCA /* FeedViewController.swift */ = {isa = PBXFileReference; lastKnownFileType = sourcecode.swift; path = FeedViewController.swift; sourceTree = "<group>"; };
		DCE4A5B1296591F200223D3C /* MatchesGridCollectionViewCell.swift */ = {isa = PBXFileReference; lastKnownFileType = sourcecode.swift; path = MatchesGridCollectionViewCell.swift; sourceTree = "<group>"; };
/* End PBXFileReference section */

/* Begin PBXFrameworksBuildPhase section */
		DCA9B44D291BC1DA00083DCA /* Frameworks */ = {
			isa = PBXFrameworksBuildPhase;
			buildActionMask = 2147483647;
			files = (
			);
			runOnlyForDeploymentPostprocessing = 0;
		};
/* End PBXFrameworksBuildPhase section */

/* Begin PBXGroup section */
		DC2B065C2940D6BC00AA45AD /* Models */ = {
			isa = PBXGroup;
			children = (
				DC2B065D2940D6CA00AA45AD /* Profile.swift */,
			);
			path = Models;
			sourceTree = "<group>";
		};
		DCA9B447291BC1DA00083DCA = {
			isa = PBXGroup;
			children = (
				DCA9B452291BC1DA00083DCA /* MatchLab */,
				DCA9B451291BC1DA00083DCA /* Products */,
			);
			sourceTree = "<group>";
		};
		DCA9B451291BC1DA00083DCA /* Products */ = {
			isa = PBXGroup;
			children = (
				DCA9B450291BC1DA00083DCA /* MatchLab.app */,
			);
			name = Products;
			sourceTree = "<group>";
		};
		DCA9B452291BC1DA00083DCA /* MatchLab */ = {
			isa = PBXGroup;
			children = (
				DC2B065C2940D6BC00AA45AD /* Models */,
				DCB90368292E7A6100D62475 /* App */,
				DCB90366292E79E300D62475 /* Feed */,
				DCB90367292E7A2E00D62475 /* Matches */,
				DCB90365292E797000D62475 /* Resources */,
			);
			path = MatchLab;
			sourceTree = "<group>";
		};
		DCB90365292E797000D62475 /* Resources */ = {
			isa = PBXGroup;
			children = (
				DCA9B45E291BC1DB00083DCA /* LaunchScreen.storyboard */,
				DCA9B461291BC1DB00083DCA /* Info.plist */,
				DCA9B45C291BC1DB00083DCA /* Assets.xcassets */,
			);
			path = Resources;
			sourceTree = "<group>";
		};
		DCB90366292E79E300D62475 /* Feed */ = {
			isa = PBXGroup;
			children = (
				DCA9B468291C06F400083DCA /* FeedViewController.swift */,
			);
			path = Feed;
			sourceTree = "<group>";
		};
		DCB90367292E7A2E00D62475 /* Matches */ = {
			isa = PBXGroup;
			children = (
				DCE4A5B32965922600223D3C /* Cells */,
				DC2B06572940CB5200AA45AD /* MatchesView.swift */,
				DC2B065A2940CF4700AA45AD /* MatchesViewController.swift */,
				DC2B065F2940FAA900AA45AD /* ProfileInfoViewController.swift */,
			);
			path = Matches;
			sourceTree = "<group>";
		};
		DCB90368292E7A6100D62475 /* App */ = {
			isa = PBXGroup;
			children = (
				DCA9B459291BC1DA00083DCA /* Main.storyboard */,
				DCA9B453291BC1DA00083DCA /* AppDelegate.swift */,
				DCA9B455291BC1DA00083DCA /* SceneDelegate.swift */,
			);
			path = App;
			sourceTree = "<group>";
		};
		DCE4A5B32965922600223D3C /* Cells */ = {
			isa = PBXGroup;
			children = (
				DCE4A5B1296591F200223D3C /* MatchesGridCollectionViewCell.swift */,
			);
			path = Cells;
			sourceTree = "<group>";
		};
/* End PBXGroup section */

/* Begin PBXNativeTarget section */
		DCA9B44F291BC1DA00083DCA /* MatchLab */ = {
			isa = PBXNativeTarget;
			buildConfigurationList = DCA9B464291BC1DB00083DCA /* Build configuration list for PBXNativeTarget "MatchLab" */;
			buildPhases = (
				DCA9B44C291BC1DA00083DCA /* Sources */,
				DCA9B467291BDEBC00083DCA /* Build Tools */,
				DCA9B44D291BC1DA00083DCA /* Frameworks */,
				DCA9B44E291BC1DA00083DCA /* Resources */,
			);
			buildRules = (
			);
			dependencies = (
			);
			name = MatchLab;
			productName = MatchLab;
			productReference = DCA9B450291BC1DA00083DCA /* MatchLab.app */;
			productType = "com.apple.product-type.application";
		};
/* End PBXNativeTarget section */

/* Begin PBXProject section */
		DCA9B448291BC1DA00083DCA /* Project object */ = {
			isa = PBXProject;
			attributes = {
				BuildIndependentTargetsInParallel = 1;
				LastSwiftUpdateCheck = 1400;
				LastUpgradeCheck = 1400;
				TargetAttributes = {
					DCA9B44F291BC1DA00083DCA = {
						CreatedOnToolsVersion = 14.0;
					};
				};
			};
			buildConfigurationList = DCA9B44B291BC1DA00083DCA /* Build configuration list for PBXProject "MatchLab" */;
			compatibilityVersion = "Xcode 14.0";
			developmentRegion = en;
			hasScannedForEncodings = 0;
			knownRegions = (
				en,
				Base,
			);
			mainGroup = DCA9B447291BC1DA00083DCA;
			productRefGroup = DCA9B451291BC1DA00083DCA /* Products */;
			projectDirPath = "";
			projectRoot = "";
			targets = (
				DCA9B44F291BC1DA00083DCA /* MatchLab */,
			);
		};
/* End PBXProject section */

/* Begin PBXResourcesBuildPhase section */
		DCA9B44E291BC1DA00083DCA /* Resources */ = {
			isa = PBXResourcesBuildPhase;
			buildActionMask = 2147483647;
			files = (
				DCA9B460291BC1DB00083DCA /* LaunchScreen.storyboard in Resources */,
				DCA9B45D291BC1DB00083DCA /* Assets.xcassets in Resources */,
				DCA9B45B291BC1DA00083DCA /* Main.storyboard in Resources */,
			);
			runOnlyForDeploymentPostprocessing = 0;
		};
/* End PBXResourcesBuildPhase section */

/* Begin PBXShellScriptBuildPhase section */
		DCA9B467291BDEBC00083DCA /* Build Tools */ = {
			isa = PBXShellScriptBuildPhase;
			buildActionMask = 2147483647;
			files = (
			);
			inputFileListPaths = (
			);
			inputPaths = (
			);
			name = "Build Tools";
			outputFileListPaths = (
			);
			outputPaths = (
			);
			runOnlyForDeploymentPostprocessing = 0;
			shellPath = /bin/sh;
			shellScript = "# Type a script or drag a script file from your workspace to insert its path.\n\nexport PATH=\"$PATH:/opt/homebrew/bin\"\nif which swiftlint > /dev/null; then\n  swiftlint\nelse\n  echo \"warning: SwiftLint not installed, download from https://github.com/realm/SwiftLint\"\nfi\n\n\n";
		};
/* End PBXShellScriptBuildPhase section */

/* Begin PBXSourcesBuildPhase section */
		DCA9B44C291BC1DA00083DCA /* Sources */ = {
			isa = PBXSourcesBuildPhase;
			buildActionMask = 2147483647;
			files = (
				DCE4A5B2296591F200223D3C /* MatchesGridCollectionViewCell.swift in Sources */,
				DC2B065B2940CF4700AA45AD /* MatchesViewController.swift in Sources */,
				DC2B06602940FAA900AA45AD /* ProfileInfoViewController.swift in Sources */,
				DCA9B454291BC1DA00083DCA /* AppDelegate.swift in Sources */,
				DCA9B469291C06F400083DCA /* FeedViewController.swift in Sources */,
				DC2B065E2940D6CA00AA45AD /* Profile.swift in Sources */,
				DC2B06582940CB5200AA45AD /* MatchesView.swift in Sources */,
				DCA9B456291BC1DA00083DCA /* SceneDelegate.swift in Sources */,
			);
			runOnlyForDeploymentPostprocessing = 0;
		};
/* End PBXSourcesBuildPhase section */

/* Begin PBXVariantGroup section */
		DCA9B459291BC1DA00083DCA /* Main.storyboard */ = {
			isa = PBXVariantGroup;
			children = (
				DCA9B45A291BC1DA00083DCA /* Base */,
			);
			name = Main.storyboard;
			sourceTree = "<group>";
		};
		DCA9B45E291BC1DB00083DCA /* LaunchScreen.storyboard */ = {
			isa = PBXVariantGroup;
			children = (
				DCA9B45F291BC1DB00083DCA /* Base */,
			);
			name = LaunchScreen.storyboard;
			sourceTree = "<group>";
		};
/* End PBXVariantGroup section */

/* Begin XCBuildConfiguration section */
		DCA9B462291BC1DB00083DCA /* Debug */ = {
			isa = XCBuildConfiguration;
			buildSettings = {
				ALWAYS_SEARCH_USER_PATHS = NO;
				CLANG_ANALYZER_NONNULL = YES;
				CLANG_ANALYZER_NUMBER_OBJECT_CONVERSION = YES_AGGRESSIVE;
				CLANG_CXX_LANGUAGE_STANDARD = "gnu++20";
				CLANG_ENABLE_MODULES = YES;
				CLANG_ENABLE_OBJC_ARC = YES;
				CLANG_ENABLE_OBJC_WEAK = YES;
				CLANG_WARN_BLOCK_CAPTURE_AUTORELEASING = YES;
				CLANG_WARN_BOOL_CONVERSION = YES;
				CLANG_WARN_COMMA = YES;
				CLANG_WARN_CONSTANT_CONVERSION = YES;
				CLANG_WARN_DEPRECATED_OBJC_IMPLEMENTATIONS = YES;
				CLANG_WARN_DIRECT_OBJC_ISA_USAGE = YES_ERROR;
				CLANG_WARN_DOCUMENTATION_COMMENTS = YES;
				CLANG_WARN_EMPTY_BODY = YES;
				CLANG_WARN_ENUM_CONVERSION = YES;
				CLANG_WARN_INFINITE_RECURSION = YES;
				CLANG_WARN_INT_CONVERSION = YES;
				CLANG_WARN_NON_LITERAL_NULL_CONVERSION = YES;
				CLANG_WARN_OBJC_IMPLICIT_RETAIN_SELF = YES;
				CLANG_WARN_OBJC_LITERAL_CONVERSION = YES;
				CLANG_WARN_OBJC_ROOT_CLASS = YES_ERROR;
				CLANG_WARN_QUOTED_INCLUDE_IN_FRAMEWORK_HEADER = YES;
				CLANG_WARN_RANGE_LOOP_ANALYSIS = YES;
				CLANG_WARN_STRICT_PROTOTYPES = YES;
				CLANG_WARN_SUSPICIOUS_MOVE = YES;
				CLANG_WARN_UNGUARDED_AVAILABILITY = YES_AGGRESSIVE;
				CLANG_WARN_UNREACHABLE_CODE = YES;
				CLANG_WARN__DUPLICATE_METHOD_MATCH = YES;
				COPY_PHASE_STRIP = NO;
				DEBUG_INFORMATION_FORMAT = dwarf;
				ENABLE_STRICT_OBJC_MSGSEND = YES;
				ENABLE_TESTABILITY = YES;
				GCC_C_LANGUAGE_STANDARD = gnu11;
				GCC_DYNAMIC_NO_PIC = NO;
				GCC_NO_COMMON_BLOCKS = YES;
				GCC_OPTIMIZATION_LEVEL = 0;
				GCC_PREPROCESSOR_DEFINITIONS = (
					"DEBUG=1",
					"$(inherited)",
				);
				GCC_WARN_64_TO_32_BIT_CONVERSION = YES;
				GCC_WARN_ABOUT_RETURN_TYPE = YES_ERROR;
				GCC_WARN_UNDECLARED_SELECTOR = YES;
				GCC_WARN_UNINITIALIZED_AUTOS = YES_AGGRESSIVE;
				GCC_WARN_UNUSED_FUNCTION = YES;
				GCC_WARN_UNUSED_VARIABLE = YES;
				IPHONEOS_DEPLOYMENT_TARGET = 16.0;
				MTL_ENABLE_DEBUG_INFO = INCLUDE_SOURCE;
				MTL_FAST_MATH = YES;
				ONLY_ACTIVE_ARCH = YES;
				SDKROOT = iphoneos;
				SWIFT_ACTIVE_COMPILATION_CONDITIONS = DEBUG;
				SWIFT_OPTIMIZATION_LEVEL = "-Onone";
			};
			name = Debug;
		};
		DCA9B463291BC1DB00083DCA /* Release */ = {
			isa = XCBuildConfiguration;
			buildSettings = {
				ALWAYS_SEARCH_USER_PATHS = NO;
				CLANG_ANALYZER_NONNULL = YES;
				CLANG_ANALYZER_NUMBER_OBJECT_CONVERSION = YES_AGGRESSIVE;
				CLANG_CXX_LANGUAGE_STANDARD = "gnu++20";
				CLANG_ENABLE_MODULES = YES;
				CLANG_ENABLE_OBJC_ARC = YES;
				CLANG_ENABLE_OBJC_WEAK = YES;
				CLANG_WARN_BLOCK_CAPTURE_AUTORELEASING = YES;
				CLANG_WARN_BOOL_CONVERSION = YES;
				CLANG_WARN_COMMA = YES;
				CLANG_WARN_CONSTANT_CONVERSION = YES;
				CLANG_WARN_DEPRECATED_OBJC_IMPLEMENTATIONS = YES;
				CLANG_WARN_DIRECT_OBJC_ISA_USAGE = YES_ERROR;
				CLANG_WARN_DOCUMENTATION_COMMENTS = YES;
				CLANG_WARN_EMPTY_BODY = YES;
				CLANG_WARN_ENUM_CONVERSION = YES;
				CLANG_WARN_INFINITE_RECURSION = YES;
				CLANG_WARN_INT_CONVERSION = YES;
				CLANG_WARN_NON_LITERAL_NULL_CONVERSION = YES;
				CLANG_WARN_OBJC_IMPLICIT_RETAIN_SELF = YES;
				CLANG_WARN_OBJC_LITERAL_CONVERSION = YES;
				CLANG_WARN_OBJC_ROOT_CLASS = YES_ERROR;
				CLANG_WARN_QUOTED_INCLUDE_IN_FRAMEWORK_HEADER = YES;
				CLANG_WARN_RANGE_LOOP_ANALYSIS = YES;
				CLANG_WARN_STRICT_PROTOTYPES = YES;
				CLANG_WARN_SUSPICIOUS_MOVE = YES;
				CLANG_WARN_UNGUARDED_AVAILABILITY = YES_AGGRESSIVE;
				CLANG_WARN_UNREACHABLE_CODE = YES;
				CLANG_WARN__DUPLICATE_METHOD_MATCH = YES;
				COPY_PHASE_STRIP = NO;
				DEBUG_INFORMATION_FORMAT = "dwarf-with-dsym";
				ENABLE_NS_ASSERTIONS = NO;
				ENABLE_STRICT_OBJC_MSGSEND = YES;
				GCC_C_LANGUAGE_STANDARD = gnu11;
				GCC_NO_COMMON_BLOCKS = YES;
				GCC_WARN_64_TO_32_BIT_CONVERSION = YES;
				GCC_WARN_ABOUT_RETURN_TYPE = YES_ERROR;
				GCC_WARN_UNDECLARED_SELECTOR = YES;
				GCC_WARN_UNINITIALIZED_AUTOS = YES_AGGRESSIVE;
				GCC_WARN_UNUSED_FUNCTION = YES;
				GCC_WARN_UNUSED_VARIABLE = YES;
				IPHONEOS_DEPLOYMENT_TARGET = 16.0;
				MTL_ENABLE_DEBUG_INFO = NO;
				MTL_FAST_MATH = YES;
				SDKROOT = iphoneos;
				SWIFT_COMPILATION_MODE = wholemodule;
				SWIFT_OPTIMIZATION_LEVEL = "-O";
				VALIDATE_PRODUCT = YES;
			};
			name = Release;
		};
		DCA9B465291BC1DB00083DCA /* Debug */ = {
			isa = XCBuildConfiguration;
			buildSettings = {
				ASSETCATALOG_COMPILER_APPICON_NAME = AppIcon;
				ASSETCATALOG_COMPILER_GLOBAL_ACCENT_COLOR_NAME = AccentColor;
				CODE_SIGN_STYLE = Automatic;
				CURRENT_PROJECT_VERSION = 1;
				DEVELOPMENT_TEAM = 85Y7A7HSKG;
				GENERATE_INFOPLIST_FILE = YES;
				INFOPLIST_FILE = MatchLab/Resources/Info.plist;
				INFOPLIST_KEY_UIApplicationSupportsIndirectInputEvents = YES;
				INFOPLIST_KEY_UILaunchStoryboardName = LaunchScreen;
				INFOPLIST_KEY_UIMainStoryboardFile = Main;
				INFOPLIST_KEY_UISupportedInterfaceOrientations = "UIInterfaceOrientationLandscapeLeft UIInterfaceOrientationLandscapeRight UIInterfaceOrientationPortrait";
				INFOPLIST_KEY_UISupportedInterfaceOrientations_iPad = "UIInterfaceOrientationLandscapeLeft UIInterfaceOrientationLandscapeRight UIInterfaceOrientationPortrait UIInterfaceOrientationPortraitUpsideDown";
				LD_RUNPATH_SEARCH_PATHS = (
					"$(inherited)",
					"@executable_path/Frameworks",
				);
				MARKETING_VERSION = 1.0;
				PRODUCT_BUNDLE_IDENTIFIER = com.saschasalles.matchlab.MatchLab;
				PRODUCT_NAME = "$(TARGET_NAME)";
				SUPPORTED_PLATFORMS = "iphoneos iphonesimulator";
				SUPPORTS_MACCATALYST = NO;
				SUPPORTS_MAC_DESIGNED_FOR_IPHONE_IPAD = NO;
				SWIFT_EMIT_LOC_STRINGS = YES;
				SWIFT_VERSION = 5.0;
				TARGETED_DEVICE_FAMILY = 1;
			};
			name = Debug;
		};
		DCA9B466291BC1DB00083DCA /* Release */ = {
			isa = XCBuildConfiguration;
			buildSettings = {
				ASSETCATALOG_COMPILER_APPICON_NAME = AppIcon;
				ASSETCATALOG_COMPILER_GLOBAL_ACCENT_COLOR_NAME = AccentColor;
				CODE_SIGN_STYLE = Automatic;
				CURRENT_PROJECT_VERSION = 1;
				DEVELOPMENT_TEAM = 85Y7A7HSKG;
				GENERATE_INFOPLIST_FILE = YES;
				INFOPLIST_FILE = MatchLab/Resources/Info.plist;
				INFOPLIST_KEY_UIApplicationSupportsIndirectInputEvents = YES;
				INFOPLIST_KEY_UILaunchStoryboardName = LaunchScreen;
				INFOPLIST_KEY_UIMainStoryboardFile = Main;
				INFOPLIST_KEY_UISupportedInterfaceOrientations = "UIInterfaceOrientationLandscapeLeft UIInterfaceOrientationLandscapeRight UIInterfaceOrientationPortrait";
				INFOPLIST_KEY_UISupportedInterfaceOrientations_iPad = "UIInterfaceOrientationLandscapeLeft UIInterfaceOrientationLandscapeRight UIInterfaceOrientationPortrait UIInterfaceOrientationPortraitUpsideDown";
				LD_RUNPATH_SEARCH_PATHS = (
					"$(inherited)",
					"@executable_path/Frameworks",
				);
				MARKETING_VERSION = 1.0;
				PRODUCT_BUNDLE_IDENTIFIER = com.saschasalles.matchlab.MatchLab;
				PRODUCT_NAME = "$(TARGET_NAME)";
				SUPPORTED_PLATFORMS = "iphoneos iphonesimulator";
				SUPPORTS_MACCATALYST = NO;
				SUPPORTS_MAC_DESIGNED_FOR_IPHONE_IPAD = NO;
				SWIFT_EMIT_LOC_STRINGS = YES;
				SWIFT_VERSION = 5.0;
				TARGETED_DEVICE_FAMILY = 1;
			};
			name = Release;
		};
/* End XCBuildConfiguration section */

/* Begin XCConfigurationList section */
		DCA9B44B291BC1DA00083DCA /* Build configuration list for PBXProject "MatchLab" */ = {
			isa = XCConfigurationList;
			buildConfigurations = (
				DCA9B462291BC1DB00083DCA /* Debug */,
				DCA9B463291BC1DB00083DCA /* Release */,
			);
			defaultConfigurationIsVisible = 0;
			defaultConfigurationName = Release;
		};
		DCA9B464291BC1DB00083DCA /* Build configuration list for PBXNativeTarget "MatchLab" */ = {
			isa = XCConfigurationList;
			buildConfigurations = (
				DCA9B465291BC1DB00083DCA /* Debug */,
				DCA9B466291BC1DB00083DCA /* Release */,
			);
			defaultConfigurationIsVisible = 0;
			defaultConfigurationName = Release;
		};
/* End XCConfigurationList section */
	};
	rootObject = DCA9B448291BC1DA00083DCA /* Project object */;
}
